// !$*UTF8*$!
{
	archiveVersion = 1;
	classes = {
	};
	objectVersion = 50;
	objects = {

/* Begin PBXBuildFile section */
		060C833F271BB23B005142BB /* ScanDocumentView.swift in Sources */ = {isa = PBXBuildFile; fileRef = 060C833E271BB23B005142BB /* ScanDocumentView.swift */; };
		0615E544271B816B005CC1E9 /* LandingPage.swift in Sources */ = {isa = PBXBuildFile; fileRef = 0615E543271B816B005CC1E9 /* LandingPage.swift */; };
		061BE95D2734D2B200C14E28 /* RecieptItem.swift in Sources */ = {isa = PBXBuildFile; fileRef = 061BE95C2734D2B200C14E28 /* RecieptItem.swift */; };
		065BF1A72725F0B000C17A91 /* EditFriendModal.swift in Sources */ = {isa = PBXBuildFile; fileRef = 065BF1A62725F0B000C17A91 /* EditFriendModal.swift */; };
		066B3EF22724E5A700FE4141 /* FriendActionModal.swift in Sources */ = {isa = PBXBuildFile; fileRef = 066B3EF12724E5A700FE4141 /* FriendActionModal.swift */; };
		068E2111271A61610069C0A1 /* DVYApp.swift in Sources */ = {isa = PBXBuildFile; fileRef = 068E2110271A61610069C0A1 /* DVYApp.swift */; };
		068E2113271A61610069C0A1 /* ContentView.swift in Sources */ = {isa = PBXBuildFile; fileRef = 068E2112271A61610069C0A1 /* ContentView.swift */; };
		068E2115271A61620069C0A1 /* Assets.xcassets in Resources */ = {isa = PBXBuildFile; fileRef = 068E2114271A61620069C0A1 /* Assets.xcassets */; };
		068E2118271A61620069C0A1 /* Preview Assets.xcassets in Resources */ = {isa = PBXBuildFile; fileRef = 068E2117271A61620069C0A1 /* Preview Assets.xcassets */; };
		068E2123271A61620069C0A1 /* DVYTests.swift in Sources */ = {isa = PBXBuildFile; fileRef = 068E2122271A61620069C0A1 /* DVYTests.swift */; };
		068E212E271A61620069C0A1 /* DVYUITests.swift in Sources */ = {isa = PBXBuildFile; fileRef = 068E212D271A61620069C0A1 /* DVYUITests.swift */; };
		06E54946272F239A004D9F06 /* AssignItemsPage.swift in Sources */ = {isa = PBXBuildFile; fileRef = 06E54945272F239A004D9F06 /* AssignItemsPage.swift */; };
		06F65C792723AAFE001BBD84 /* EditItemModal.swift in Sources */ = {isa = PBXBuildFile; fileRef = 06F65C782723AAFE001BBD84 /* EditItemModal.swift */; };
		06FD3384271B3809006FC9E0 /* Types.swift in Sources */ = {isa = PBXBuildFile; fileRef = 06FD3383271B3809006FC9E0 /* Types.swift */; };
		06FD3386271B46E6006FC9E0 /* ScanConfirmationPage.swift in Sources */ = {isa = PBXBuildFile; fileRef = 06FD3385271B46E6006FC9E0 /* ScanConfirmationPage.swift */; };
		06FD3388271B48AA006FC9E0 /* AddFriendsPage.swift in Sources */ = {isa = PBXBuildFile; fileRef = 06FD3387271B48AA006FC9E0 /* AddFriendsPage.swift */; };
		D32EF42028347D000045D6D1 /* TextRecognition.swift in Sources */ = {isa = PBXBuildFile; fileRef = D32EF41F28347D000045D6D1 /* TextRecognition.swift */; };
		D330AD0F2794C3B400BBF3EE /* RescanConfirmationModal.swift in Sources */ = {isa = PBXBuildFile; fileRef = D330AD0E2794C3B400BBF3EE /* RescanConfirmationModal.swift */; };
		D330AD132794D19D00BBF3EE /* NewScanConfirmationModal.swift in Sources */ = {isa = PBXBuildFile; fileRef = D330AD122794D19D00BBF3EE /* NewScanConfirmationModal.swift */; };
		D3359FF9274FCB87001CE10A /* TaxTipPage.swift in Sources */ = {isa = PBXBuildFile; fileRef = D3359FF8274FCB87001CE10A /* TaxTipPage.swift */; };
		D33DAA86274DDAF400A28298 /* FriendItemListModal.swift in Sources */ = {isa = PBXBuildFile; fileRef = D33DAA85274DDAF400A28298 /* FriendItemListModal.swift */; };
		D35B6C84284AF1C1002A8FAF /* ManualSplitForm.swift in Sources */ = {isa = PBXBuildFile; fileRef = D35B6C83284AF1C1002A8FAF /* ManualSplitForm.swift */; };
		D35B6C86284AF242002A8FAF /* AutomaticSplitForm.swift in Sources */ = {isa = PBXBuildFile; fileRef = D35B6C85284AF242002A8FAF /* AutomaticSplitForm.swift */; };
		D35B6C88284AF4EF002A8FAF /* SplitModalButtons.swift in Sources */ = {isa = PBXBuildFile; fileRef = D35B6C87284AF4EF002A8FAF /* SplitModalButtons.swift */; };
		D3720ABC27B728C70097DA1C /* ScanConfirmationHelpModal.swift in Sources */ = {isa = PBXBuildFile; fileRef = D3720ABB27B728C70097DA1C /* ScanConfirmationHelpModal.swift */; };
		D3959D66274AE71D000F6B06 /* FriendsListModal.swift in Sources */ = {isa = PBXBuildFile; fileRef = D3959D65274AE71D000F6B06 /* FriendsListModal.swift */; };
		D3A109E5282C71D700F2CF1A /* ImagePicker.swift in Sources */ = {isa = PBXBuildFile; fileRef = D3A109E4282C71D700F2CF1A /* ImagePicker.swift */; };
		D3B011DA2787D5EB00EE5C36 /* SummaryPage.swift in Sources */ = {isa = PBXBuildFile; fileRef = D3B011D92787D5EB00EE5C36 /* SummaryPage.swift */; };
		D3B119532807B87B00B47707 /* FriendsStore.swift in Sources */ = {isa = PBXBuildFile; fileRef = D3B119522807B87B00B47707 /* FriendsStore.swift */; };
		D3B96CF727BEF3540001C3DD /* SplitItemModal.swift in Sources */ = {isa = PBXBuildFile; fileRef = D3B96CF627BEF3540001C3DD /* SplitItemModal.swift */; };
		D3C518332821D68F00C4C03B /* ConfirmationFlowModal.swift in Sources */ = {isa = PBXBuildFile; fileRef = D3C518322821D68F00C4C03B /* ConfirmationFlowModal.swift */; };
		D3C518372821D6D600C4C03B /* ConfirmationFlowIntro.swift in Sources */ = {isa = PBXBuildFile; fileRef = D3C518362821D6D600C4C03B /* ConfirmationFlowIntro.swift */; };
		D3C518392821D6E400C4C03B /* ConfirmationFlowSummary.swift in Sources */ = {isa = PBXBuildFile; fileRef = D3C518382821D6E400C4C03B /* ConfirmationFlowSummary.swift */; };
		D3C5183B2821D6FD00C4C03B /* ConfirmationFlowForm.swift in Sources */ = {isa = PBXBuildFile; fileRef = D3C5183A2821D6FD00C4C03B /* ConfirmationFlowForm.swift */; };
		D3E4D7A4280E2ED100BA294A /* PreviouslyAddedFriendModal.swift in Sources */ = {isa = PBXBuildFile; fileRef = D3E4D7A3280E2ED100BA294A /* PreviouslyAddedFriendModal.swift */; };
		D3E4D7A6280E313100BA294A /* ButtonStyles.swift in Sources */ = {isa = PBXBuildFile; fileRef = D3E4D7A5280E313100BA294A /* ButtonStyles.swift */; };
		D3EBB92F286C04C300395498 /* Modal.swift in Sources */ = {isa = PBXBuildFile; fileRef = D3EBB92E286C04C300395498 /* Modal.swift */; };
		D3EC3DB3283720D300296361 /* CropConfirmationModal.swift in Sources */ = {isa = PBXBuildFile; fileRef = D3EC3DB2283720D300296361 /* CropConfirmationModal.swift */; };
/* End PBXBuildFile section */

/* Begin PBXContainerItemProxy section */
		068E211F271A61620069C0A1 /* PBXContainerItemProxy */ = {
			isa = PBXContainerItemProxy;
			containerPortal = 068E2105271A61610069C0A1 /* Project object */;
			proxyType = 1;
			remoteGlobalIDString = 068E210C271A61610069C0A1;
			remoteInfo = DVY;
		};
		068E212A271A61620069C0A1 /* PBXContainerItemProxy */ = {
			isa = PBXContainerItemProxy;
			containerPortal = 068E2105271A61610069C0A1 /* Project object */;
			proxyType = 1;
			remoteGlobalIDString = 068E210C271A61610069C0A1;
			remoteInfo = DVY;
		};
/* End PBXContainerItemProxy section */

/* Begin PBXFileReference section */
		060C833E271BB23B005142BB /* ScanDocumentView.swift */ = {isa = PBXFileReference; lastKnownFileType = sourcecode.swift; path = ScanDocumentView.swift; sourceTree = "<group>"; };
		0615E543271B816B005CC1E9 /* LandingPage.swift */ = {isa = PBXFileReference; lastKnownFileType = sourcecode.swift; path = LandingPage.swift; sourceTree = "<group>"; };
		061BE95C2734D2B200C14E28 /* RecieptItem.swift */ = {isa = PBXFileReference; lastKnownFileType = sourcecode.swift; path = RecieptItem.swift; sourceTree = "<group>"; };
		065BF1A62725F0B000C17A91 /* EditFriendModal.swift */ = {isa = PBXFileReference; lastKnownFileType = sourcecode.swift; path = EditFriendModal.swift; sourceTree = "<group>"; };
		066B3EF12724E5A700FE4141 /* FriendActionModal.swift */ = {isa = PBXFileReference; lastKnownFileType = sourcecode.swift; path = FriendActionModal.swift; sourceTree = "<group>"; };
		068E210D271A61610069C0A1 /* DVY.app */ = {isa = PBXFileReference; explicitFileType = wrapper.application; includeInIndex = 0; path = DVY.app; sourceTree = BUILT_PRODUCTS_DIR; };
		068E2110271A61610069C0A1 /* DVYApp.swift */ = {isa = PBXFileReference; lastKnownFileType = sourcecode.swift; path = DVYApp.swift; sourceTree = "<group>"; };
		068E2112271A61610069C0A1 /* ContentView.swift */ = {isa = PBXFileReference; lastKnownFileType = sourcecode.swift; path = ContentView.swift; sourceTree = "<group>"; };
		068E2114271A61620069C0A1 /* Assets.xcassets */ = {isa = PBXFileReference; lastKnownFileType = folder.assetcatalog; path = Assets.xcassets; sourceTree = "<group>"; };
		068E2117271A61620069C0A1 /* Preview Assets.xcassets */ = {isa = PBXFileReference; lastKnownFileType = folder.assetcatalog; path = "Preview Assets.xcassets"; sourceTree = "<group>"; };
		068E2119271A61620069C0A1 /* Info.plist */ = {isa = PBXFileReference; lastKnownFileType = text.plist.xml; path = Info.plist; sourceTree = "<group>"; };
		068E211E271A61620069C0A1 /* DVYTests.xctest */ = {isa = PBXFileReference; explicitFileType = wrapper.cfbundle; includeInIndex = 0; path = DVYTests.xctest; sourceTree = BUILT_PRODUCTS_DIR; };
		068E2122271A61620069C0A1 /* DVYTests.swift */ = {isa = PBXFileReference; lastKnownFileType = sourcecode.swift; path = DVYTests.swift; sourceTree = "<group>"; };
		068E2124271A61620069C0A1 /* Info.plist */ = {isa = PBXFileReference; lastKnownFileType = text.plist.xml; path = Info.plist; sourceTree = "<group>"; };
		068E2129271A61620069C0A1 /* DVYUITests.xctest */ = {isa = PBXFileReference; explicitFileType = wrapper.cfbundle; includeInIndex = 0; path = DVYUITests.xctest; sourceTree = BUILT_PRODUCTS_DIR; };
		068E212D271A61620069C0A1 /* DVYUITests.swift */ = {isa = PBXFileReference; lastKnownFileType = sourcecode.swift; path = DVYUITests.swift; sourceTree = "<group>"; };
		068E212F271A61620069C0A1 /* Info.plist */ = {isa = PBXFileReference; lastKnownFileType = text.plist.xml; path = Info.plist; sourceTree = "<group>"; };
		06E54945272F239A004D9F06 /* AssignItemsPage.swift */ = {isa = PBXFileReference; lastKnownFileType = sourcecode.swift; path = AssignItemsPage.swift; sourceTree = "<group>"; };
		06F65C782723AAFE001BBD84 /* EditItemModal.swift */ = {isa = PBXFileReference; lastKnownFileType = sourcecode.swift; path = EditItemModal.swift; sourceTree = "<group>"; };
		06FD3383271B3809006FC9E0 /* Types.swift */ = {isa = PBXFileReference; lastKnownFileType = sourcecode.swift; path = Types.swift; sourceTree = "<group>"; };
		06FD3385271B46E6006FC9E0 /* ScanConfirmationPage.swift */ = {isa = PBXFileReference; lastKnownFileType = sourcecode.swift; path = ScanConfirmationPage.swift; sourceTree = "<group>"; };
		06FD3387271B48AA006FC9E0 /* AddFriendsPage.swift */ = {isa = PBXFileReference; lastKnownFileType = sourcecode.swift; path = AddFriendsPage.swift; sourceTree = "<group>"; };
		D32EF41F28347D000045D6D1 /* TextRecognition.swift */ = {isa = PBXFileReference; lastKnownFileType = sourcecode.swift; path = TextRecognition.swift; sourceTree = "<group>"; };
		D330AD0E2794C3B400BBF3EE /* RescanConfirmationModal.swift */ = {isa = PBXFileReference; lastKnownFileType = sourcecode.swift; path = RescanConfirmationModal.swift; sourceTree = "<group>"; };
		D330AD122794D19D00BBF3EE /* NewScanConfirmationModal.swift */ = {isa = PBXFileReference; lastKnownFileType = sourcecode.swift; path = NewScanConfirmationModal.swift; sourceTree = "<group>"; };
		D3359FF8274FCB87001CE10A /* TaxTipPage.swift */ = {isa = PBXFileReference; lastKnownFileType = sourcecode.swift; path = TaxTipPage.swift; sourceTree = "<group>"; };
		D33DAA85274DDAF400A28298 /* FriendItemListModal.swift */ = {isa = PBXFileReference; lastKnownFileType = sourcecode.swift; path = FriendItemListModal.swift; sourceTree = "<group>"; };
		D35B6C83284AF1C1002A8FAF /* ManualSplitForm.swift */ = {isa = PBXFileReference; lastKnownFileType = sourcecode.swift; path = ManualSplitForm.swift; sourceTree = "<group>"; };
		D35B6C85284AF242002A8FAF /* AutomaticSplitForm.swift */ = {isa = PBXFileReference; lastKnownFileType = sourcecode.swift; path = AutomaticSplitForm.swift; sourceTree = "<group>"; };
		D35B6C87284AF4EF002A8FAF /* SplitModalButtons.swift */ = {isa = PBXFileReference; lastKnownFileType = sourcecode.swift; path = SplitModalButtons.swift; sourceTree = "<group>"; };
		D3720ABB27B728C70097DA1C /* ScanConfirmationHelpModal.swift */ = {isa = PBXFileReference; lastKnownFileType = sourcecode.swift; path = ScanConfirmationHelpModal.swift; sourceTree = "<group>"; };
		D3959D65274AE71D000F6B06 /* FriendsListModal.swift */ = {isa = PBXFileReference; lastKnownFileType = sourcecode.swift; path = FriendsListModal.swift; sourceTree = "<group>"; };
		D3A109E4282C71D700F2CF1A /* ImagePicker.swift */ = {isa = PBXFileReference; lastKnownFileType = sourcecode.swift; path = ImagePicker.swift; sourceTree = "<group>"; };
		D3B011D92787D5EB00EE5C36 /* SummaryPage.swift */ = {isa = PBXFileReference; lastKnownFileType = sourcecode.swift; path = SummaryPage.swift; sourceTree = "<group>"; };
		D3B119522807B87B00B47707 /* FriendsStore.swift */ = {isa = PBXFileReference; lastKnownFileType = sourcecode.swift; path = FriendsStore.swift; sourceTree = "<group>"; };
		D3B96CF627BEF3540001C3DD /* SplitItemModal.swift */ = {isa = PBXFileReference; lastKnownFileType = sourcecode.swift; path = SplitItemModal.swift; sourceTree = "<group>"; };
		D3C518322821D68F00C4C03B /* ConfirmationFlowModal.swift */ = {isa = PBXFileReference; lastKnownFileType = sourcecode.swift; path = ConfirmationFlowModal.swift; sourceTree = "<group>"; };
		D3C518362821D6D600C4C03B /* ConfirmationFlowIntro.swift */ = {isa = PBXFileReference; lastKnownFileType = sourcecode.swift; path = ConfirmationFlowIntro.swift; sourceTree = "<group>"; };
		D3C518382821D6E400C4C03B /* ConfirmationFlowSummary.swift */ = {isa = PBXFileReference; lastKnownFileType = sourcecode.swift; path = ConfirmationFlowSummary.swift; sourceTree = "<group>"; };
		D3C5183A2821D6FD00C4C03B /* ConfirmationFlowForm.swift */ = {isa = PBXFileReference; lastKnownFileType = sourcecode.swift; path = ConfirmationFlowForm.swift; sourceTree = "<group>"; };
		D3E4D7A3280E2ED100BA294A /* PreviouslyAddedFriendModal.swift */ = {isa = PBXFileReference; lastKnownFileType = sourcecode.swift; path = PreviouslyAddedFriendModal.swift; sourceTree = "<group>"; };
		D3E4D7A5280E313100BA294A /* ButtonStyles.swift */ = {isa = PBXFileReference; lastKnownFileType = sourcecode.swift; path = ButtonStyles.swift; sourceTree = "<group>"; };
		D3EBB92E286C04C300395498 /* Modal.swift */ = {isa = PBXFileReference; lastKnownFileType = sourcecode.swift; path = Modal.swift; sourceTree = "<group>"; };
		D3EC3DB2283720D300296361 /* CropConfirmationModal.swift */ = {isa = PBXFileReference; lastKnownFileType = sourcecode.swift; path = CropConfirmationModal.swift; sourceTree = "<group>"; };
/* End PBXFileReference section */

/* Begin PBXFrameworksBuildPhase section */
		068E210A271A61610069C0A1 /* Frameworks */ = {
			isa = PBXFrameworksBuildPhase;
			buildActionMask = 2147483647;
			files = (
			);
			runOnlyForDeploymentPostprocessing = 0;
		};
		068E211B271A61620069C0A1 /* Frameworks */ = {
			isa = PBXFrameworksBuildPhase;
			buildActionMask = 2147483647;
			files = (
			);
			runOnlyForDeploymentPostprocessing = 0;
		};
		068E2126271A61620069C0A1 /* Frameworks */ = {
			isa = PBXFrameworksBuildPhase;
			buildActionMask = 2147483647;
			files = (
			);
			runOnlyForDeploymentPostprocessing = 0;
		};
/* End PBXFrameworksBuildPhase section */

/* Begin PBXGroup section */
		068E2104271A61610069C0A1 = {
			isa = PBXGroup;
			children = (
				068E210F271A61610069C0A1 /* DVY */,
				068E2121271A61620069C0A1 /* DVYTests */,
				068E212C271A61620069C0A1 /* DVYUITests */,
				068E210E271A61610069C0A1 /* Products */,
			);
			sourceTree = "<group>";
		};
		068E210E271A61610069C0A1 /* Products */ = {
			isa = PBXGroup;
			children = (
				068E210D271A61610069C0A1 /* DVY.app */,
				068E211E271A61620069C0A1 /* DVYTests.xctest */,
				068E2129271A61620069C0A1 /* DVYUITests.xctest */,
			);
			name = Products;
			sourceTree = "<group>";
		};
		068E210F271A61610069C0A1 /* DVY */ = {
			isa = PBXGroup;
			children = (
				068E2116271A61620069C0A1 /* Preview Content */,
				068E2114271A61620069C0A1 /* Assets.xcassets */,
				068E2119271A61620069C0A1 /* Info.plist */,
				068E2110271A61610069C0A1 /* DVYApp.swift */,
				068E2112271A61610069C0A1 /* ContentView.swift */,
				D3EC3DB128371D9F00296361 /* LandingPage */,
				D35A74BB2829E952004A09C8 /* ScanConfirmation */,
				D35A74BC2829E9B2004A09C8 /* TaxTip */,
				D35A74BD2829EA03004A09C8 /* Friends */,
				D35A74BE2829EA45004A09C8 /* AssignItems */,
				D35A74BF2829EAA0004A09C8 /* Summary */,
				D35B6C82284AF18D002A8FAF /* SplitItemModal */,
				060C833E271BB23B005142BB /* ScanDocumentView.swift */,
				06FD3383271B3809006FC9E0 /* Types.swift */,
				061BE95C2734D2B200C14E28 /* RecieptItem.swift */,
				D3B119522807B87B00B47707 /* FriendsStore.swift */,
				D3E4D7A5280E313100BA294A /* ButtonStyles.swift */,
				D3A109E4282C71D700F2CF1A /* ImagePicker.swift */,
				D32EF41F28347D000045D6D1 /* TextRecognition.swift */,
				D3EBB92E286C04C300395498 /* Modal.swift */,
			);
			path = DVY;
			sourceTree = "<group>";
		};
		068E2116271A61620069C0A1 /* Preview Content */ = {
			isa = PBXGroup;
			children = (
				068E2117271A61620069C0A1 /* Preview Assets.xcassets */,
			);
			path = "Preview Content";
			sourceTree = "<group>";
		};
		068E2121271A61620069C0A1 /* DVYTests */ = {
			isa = PBXGroup;
			children = (
				068E2122271A61620069C0A1 /* DVYTests.swift */,
				068E2124271A61620069C0A1 /* Info.plist */,
			);
			path = DVYTests;
			sourceTree = "<group>";
		};
		068E212C271A61620069C0A1 /* DVYUITests */ = {
			isa = PBXGroup;
			children = (
				068E212D271A61620069C0A1 /* DVYUITests.swift */,
				068E212F271A61620069C0A1 /* Info.plist */,
			);
			path = DVYUITests;
			sourceTree = "<group>";
		};
		D35A74BB2829E952004A09C8 /* ScanConfirmation */ = {
			isa = PBXGroup;
			children = (
				D3C518312821D66D00C4C03B /* ConfirmationFlow */,
				D3720ABB27B728C70097DA1C /* ScanConfirmationHelpModal.swift */,
				06F65C782723AAFE001BBD84 /* EditItemModal.swift */,
				D330AD0E2794C3B400BBF3EE /* RescanConfirmationModal.swift */,
				06FD3385271B46E6006FC9E0 /* ScanConfirmationPage.swift */,
			);
			path = ScanConfirmation;
			sourceTree = "<group>";
		};
		D35A74BC2829E9B2004A09C8 /* TaxTip */ = {
			isa = PBXGroup;
			children = (
				D3359FF8274FCB87001CE10A /* TaxTipPage.swift */,
			);
			path = TaxTip;
			sourceTree = "<group>";
		};
		D35A74BD2829EA03004A09C8 /* Friends */ = {
			isa = PBXGroup;
			children = (
				06FD3387271B48AA006FC9E0 /* AddFriendsPage.swift */,
				066B3EF12724E5A700FE4141 /* FriendActionModal.swift */,
				065BF1A62725F0B000C17A91 /* EditFriendModal.swift */,
				D3E4D7A3280E2ED100BA294A /* PreviouslyAddedFriendModal.swift */,
			);
			path = Friends;
			sourceTree = "<group>";
		};
		D35A74BE2829EA45004A09C8 /* AssignItems */ = {
			isa = PBXGroup;
			children = (
				06E54945272F239A004D9F06 /* AssignItemsPage.swift */,
				D3959D65274AE71D000F6B06 /* FriendsListModal.swift */,
				D33DAA85274DDAF400A28298 /* FriendItemListModal.swift */,
			);
			path = AssignItems;
			sourceTree = "<group>";
		};
		D35A74BF2829EAA0004A09C8 /* Summary */ = {
			isa = PBXGroup;
			children = (
				D3B011D92787D5EB00EE5C36 /* SummaryPage.swift */,
				D330AD122794D19D00BBF3EE /* NewScanConfirmationModal.swift */,
			);
			path = Summary;
			sourceTree = "<group>";
		};
		D35B6C82284AF18D002A8FAF /* SplitItemModal */ = {
			isa = PBXGroup;
			children = (
				D3B96CF627BEF3540001C3DD /* SplitItemModal.swift */,
				D35B6C83284AF1C1002A8FAF /* ManualSplitForm.swift */,
				D35B6C85284AF242002A8FAF /* AutomaticSplitForm.swift */,
				D35B6C87284AF4EF002A8FAF /* SplitModalButtons.swift */,
			);
			path = SplitItemModal;
			sourceTree = "<group>";
		};
		D3C518312821D66D00C4C03B /* ConfirmationFlow */ = {
			isa = PBXGroup;
			children = (
				D3C518322821D68F00C4C03B /* ConfirmationFlowModal.swift */,
				D3C518362821D6D600C4C03B /* ConfirmationFlowIntro.swift */,
				D3C518382821D6E400C4C03B /* ConfirmationFlowSummary.swift */,
				D3C5183A2821D6FD00C4C03B /* ConfirmationFlowForm.swift */,
			);
			path = ConfirmationFlow;
			sourceTree = "<group>";
		};
		D3EC3DB128371D9F00296361 /* LandingPage */ = {
			isa = PBXGroup;
			children = (
				0615E543271B816B005CC1E9 /* LandingPage.swift */,
				D3EC3DB2283720D300296361 /* CropConfirmationModal.swift */,
			);
			path = LandingPage;
			sourceTree = "<group>";
		};
/* End PBXGroup section */

/* Begin PBXNativeTarget section */
		068E210C271A61610069C0A1 /* DVY */ = {
			isa = PBXNativeTarget;
			buildConfigurationList = 068E2132271A61620069C0A1 /* Build configuration list for PBXNativeTarget "DVY" */;
			buildPhases = (
				068E2109271A61610069C0A1 /* Sources */,
				068E210A271A61610069C0A1 /* Frameworks */,
				068E210B271A61610069C0A1 /* Resources */,
			);
			buildRules = (
			);
			dependencies = (
			);
			name = DVY;
			productName = DVY;
			productReference = 068E210D271A61610069C0A1 /* DVY.app */;
			productType = "com.apple.product-type.application";
		};
		068E211D271A61620069C0A1 /* DVYTests */ = {
			isa = PBXNativeTarget;
			buildConfigurationList = 068E2135271A61620069C0A1 /* Build configuration list for PBXNativeTarget "DVYTests" */;
			buildPhases = (
				068E211A271A61620069C0A1 /* Sources */,
				068E211B271A61620069C0A1 /* Frameworks */,
				068E211C271A61620069C0A1 /* Resources */,
			);
			buildRules = (
			);
			dependencies = (
				068E2120271A61620069C0A1 /* PBXTargetDependency */,
			);
			name = DVYTests;
			productName = DVYTests;
			productReference = 068E211E271A61620069C0A1 /* DVYTests.xctest */;
			productType = "com.apple.product-type.bundle.unit-test";
		};
		068E2128271A61620069C0A1 /* DVYUITests */ = {
			isa = PBXNativeTarget;
			buildConfigurationList = 068E2138271A61620069C0A1 /* Build configuration list for PBXNativeTarget "DVYUITests" */;
			buildPhases = (
				068E2125271A61620069C0A1 /* Sources */,
				068E2126271A61620069C0A1 /* Frameworks */,
				068E2127271A61620069C0A1 /* Resources */,
			);
			buildRules = (
			);
			dependencies = (
				068E212B271A61620069C0A1 /* PBXTargetDependency */,
			);
			name = DVYUITests;
			productName = DVYUITests;
			productReference = 068E2129271A61620069C0A1 /* DVYUITests.xctest */;
			productType = "com.apple.product-type.bundle.ui-testing";
		};
/* End PBXNativeTarget section */

/* Begin PBXProject section */
		068E2105271A61610069C0A1 /* Project object */ = {
			isa = PBXProject;
			attributes = {
				LastSwiftUpdateCheck = 1250;
				LastUpgradeCheck = 1250;
				TargetAttributes = {
					068E210C271A61610069C0A1 = {
						CreatedOnToolsVersion = 12.5.1;
					};
					068E211D271A61620069C0A1 = {
						CreatedOnToolsVersion = 12.5.1;
						TestTargetID = 068E210C271A61610069C0A1;
					};
					068E2128271A61620069C0A1 = {
						CreatedOnToolsVersion = 12.5.1;
						TestTargetID = 068E210C271A61610069C0A1;
					};
				};
			};
			buildConfigurationList = 068E2108271A61610069C0A1 /* Build configuration list for PBXProject "DVY" */;
			compatibilityVersion = "Xcode 9.3";
			developmentRegion = en;
			hasScannedForEncodings = 0;
			knownRegions = (
				en,
				Base,
			);
			mainGroup = 068E2104271A61610069C0A1;
			productRefGroup = 068E210E271A61610069C0A1 /* Products */;
			projectDirPath = "";
			projectRoot = "";
			targets = (
				068E210C271A61610069C0A1 /* DVY */,
				068E211D271A61620069C0A1 /* DVYTests */,
				068E2128271A61620069C0A1 /* DVYUITests */,
			);
		};
/* End PBXProject section */

/* Begin PBXResourcesBuildPhase section */
		068E210B271A61610069C0A1 /* Resources */ = {
			isa = PBXResourcesBuildPhase;
			buildActionMask = 2147483647;
			files = (
				068E2118271A61620069C0A1 /* Preview Assets.xcassets in Resources */,
				068E2115271A61620069C0A1 /* Assets.xcassets in Resources */,
			);
			runOnlyForDeploymentPostprocessing = 0;
		};
		068E211C271A61620069C0A1 /* Resources */ = {
			isa = PBXResourcesBuildPhase;
			buildActionMask = 2147483647;
			files = (
			);
			runOnlyForDeploymentPostprocessing = 0;
		};
		068E2127271A61620069C0A1 /* Resources */ = {
			isa = PBXResourcesBuildPhase;
			buildActionMask = 2147483647;
			files = (
			);
			runOnlyForDeploymentPostprocessing = 0;
		};
/* End PBXResourcesBuildPhase section */

/* Begin PBXSourcesBuildPhase section */
		068E2109271A61610069C0A1 /* Sources */ = {
			isa = PBXSourcesBuildPhase;
			buildActionMask = 2147483647;
			files = (
				06F65C792723AAFE001BBD84 /* EditItemModal.swift in Sources */,
				06FD3386271B46E6006FC9E0 /* ScanConfirmationPage.swift in Sources */,
				D32EF42028347D000045D6D1 /* TextRecognition.swift in Sources */,
				D330AD132794D19D00BBF3EE /* NewScanConfirmationModal.swift in Sources */,
				D3C5183B2821D6FD00C4C03B /* ConfirmationFlowForm.swift in Sources */,
				D3720ABC27B728C70097DA1C /* ScanConfirmationHelpModal.swift in Sources */,
				060C833F271BB23B005142BB /* ScanDocumentView.swift in Sources */,
				D3B119532807B87B00B47707 /* FriendsStore.swift in Sources */,
				D3E4D7A6280E313100BA294A /* ButtonStyles.swift in Sources */,
				D3EBB92F286C04C300395498 /* Modal.swift in Sources */,
				06FD3388271B48AA006FC9E0 /* AddFriendsPage.swift in Sources */,
				0615E544271B816B005CC1E9 /* LandingPage.swift in Sources */,
				061BE95D2734D2B200C14E28 /* RecieptItem.swift in Sources */,
				D330AD0F2794C3B400BBF3EE /* RescanConfirmationModal.swift in Sources */,
				D3E4D7A4280E2ED100BA294A /* PreviouslyAddedFriendModal.swift in Sources */,
				D3EC3DB3283720D300296361 /* CropConfirmationModal.swift in Sources */,
				D33DAA86274DDAF400A28298 /* FriendItemListModal.swift in Sources */,
				D3C518392821D6E400C4C03B /* ConfirmationFlowSummary.swift in Sources */,
				D35B6C88284AF4EF002A8FAF /* SplitModalButtons.swift in Sources */,
				D3B011DA2787D5EB00EE5C36 /* SummaryPage.swift in Sources */,
				066B3EF22724E5A700FE4141 /* FriendActionModal.swift in Sources */,
				D3A109E5282C71D700F2CF1A /* ImagePicker.swift in Sources */,
				068E2113271A61610069C0A1 /* ContentView.swift in Sources */,
				06E54946272F239A004D9F06 /* AssignItemsPage.swift in Sources */,
				06FD3384271B3809006FC9E0 /* Types.swift in Sources */,
				068E2111271A61610069C0A1 /* DVYApp.swift in Sources */,
				D3359FF9274FCB87001CE10A /* TaxTipPage.swift in Sources */,
				D3C518332821D68F00C4C03B /* ConfirmationFlowModal.swift in Sources */,
				D35B6C86284AF242002A8FAF /* AutomaticSplitForm.swift in Sources */,
				D3C518372821D6D600C4C03B /* ConfirmationFlowIntro.swift in Sources */,
				D35B6C84284AF1C1002A8FAF /* ManualSplitForm.swift in Sources */,
				065BF1A72725F0B000C17A91 /* EditFriendModal.swift in Sources */,
				D3959D66274AE71D000F6B06 /* FriendsListModal.swift in Sources */,
				D3B96CF727BEF3540001C3DD /* SplitItemModal.swift in Sources */,
			);
			runOnlyForDeploymentPostprocessing = 0;
		};
		068E211A271A61620069C0A1 /* Sources */ = {
			isa = PBXSourcesBuildPhase;
			buildActionMask = 2147483647;
			files = (
				068E2123271A61620069C0A1 /* DVYTests.swift in Sources */,
			);
			runOnlyForDeploymentPostprocessing = 0;
		};
		068E2125271A61620069C0A1 /* Sources */ = {
			isa = PBXSourcesBuildPhase;
			buildActionMask = 2147483647;
			files = (
				068E212E271A61620069C0A1 /* DVYUITests.swift in Sources */,
			);
			runOnlyForDeploymentPostprocessing = 0;
		};
/* End PBXSourcesBuildPhase section */

/* Begin PBXTargetDependency section */
		068E2120271A61620069C0A1 /* PBXTargetDependency */ = {
			isa = PBXTargetDependency;
			target = 068E210C271A61610069C0A1 /* DVY */;
			targetProxy = 068E211F271A61620069C0A1 /* PBXContainerItemProxy */;
		};
		068E212B271A61620069C0A1 /* PBXTargetDependency */ = {
			isa = PBXTargetDependency;
			target = 068E210C271A61610069C0A1 /* DVY */;
			targetProxy = 068E212A271A61620069C0A1 /* PBXContainerItemProxy */;
		};
/* End PBXTargetDependency section */

/* Begin XCBuildConfiguration section */
		068E2130271A61620069C0A1 /* Debug */ = {
			isa = XCBuildConfiguration;
			buildSettings = {
				ALWAYS_SEARCH_USER_PATHS = NO;
				CLANG_ANALYZER_NONNULL = YES;
				CLANG_ANALYZER_NUMBER_OBJECT_CONVERSION = YES_AGGRESSIVE;
				CLANG_CXX_LANGUAGE_STANDARD = "gnu++14";
				CLANG_CXX_LIBRARY = "libc++";
				CLANG_ENABLE_MODULES = YES;
				CLANG_ENABLE_OBJC_ARC = YES;
				CLANG_ENABLE_OBJC_WEAK = YES;
				CLANG_WARN_BLOCK_CAPTURE_AUTORELEASING = YES;
				CLANG_WARN_BOOL_CONVERSION = YES;
				CLANG_WARN_COMMA = YES;
				CLANG_WARN_CONSTANT_CONVERSION = YES;
				CLANG_WARN_DEPRECATED_OBJC_IMPLEMENTATIONS = YES;
				CLANG_WARN_DIRECT_OBJC_ISA_USAGE = YES_ERROR;
				CLANG_WARN_DOCUMENTATION_COMMENTS = YES;
				CLANG_WARN_EMPTY_BODY = YES;
				CLANG_WARN_ENUM_CONVERSION = YES;
				CLANG_WARN_INFINITE_RECURSION = YES;
				CLANG_WARN_INT_CONVERSION = YES;
				CLANG_WARN_NON_LITERAL_NULL_CONVERSION = YES;
				CLANG_WARN_OBJC_IMPLICIT_RETAIN_SELF = YES;
				CLANG_WARN_OBJC_LITERAL_CONVERSION = YES;
				CLANG_WARN_OBJC_ROOT_CLASS = YES_ERROR;
				CLANG_WARN_QUOTED_INCLUDE_IN_FRAMEWORK_HEADER = YES;
				CLANG_WARN_RANGE_LOOP_ANALYSIS = YES;
				CLANG_WARN_STRICT_PROTOTYPES = YES;
				CLANG_WARN_SUSPICIOUS_MOVE = YES;
				CLANG_WARN_UNGUARDED_AVAILABILITY = YES_AGGRESSIVE;
				CLANG_WARN_UNREACHABLE_CODE = YES;
				CLANG_WARN__DUPLICATE_METHOD_MATCH = YES;
				COPY_PHASE_STRIP = NO;
				DEBUG_INFORMATION_FORMAT = dwarf;
				ENABLE_STRICT_OBJC_MSGSEND = YES;
				ENABLE_TESTABILITY = YES;
				GCC_C_LANGUAGE_STANDARD = gnu11;
				GCC_DYNAMIC_NO_PIC = NO;
				GCC_NO_COMMON_BLOCKS = YES;
				GCC_OPTIMIZATION_LEVEL = 0;
				GCC_PREPROCESSOR_DEFINITIONS = (
					"DEBUG=1",
					"$(inherited)",
				);
				GCC_WARN_64_TO_32_BIT_CONVERSION = YES;
				GCC_WARN_ABOUT_RETURN_TYPE = YES_ERROR;
				GCC_WARN_UNDECLARED_SELECTOR = YES;
				GCC_WARN_UNINITIALIZED_AUTOS = YES_AGGRESSIVE;
				GCC_WARN_UNUSED_FUNCTION = YES;
				GCC_WARN_UNUSED_VARIABLE = YES;
				IPHONEOS_DEPLOYMENT_TARGET = 14.5;
				MTL_ENABLE_DEBUG_INFO = INCLUDE_SOURCE;
				MTL_FAST_MATH = YES;
				ONLY_ACTIVE_ARCH = YES;
				SDKROOT = iphoneos;
				SWIFT_ACTIVE_COMPILATION_CONDITIONS = DEBUG;
				SWIFT_OPTIMIZATION_LEVEL = "-Onone";
			};
			name = Debug;
		};
		068E2131271A61620069C0A1 /* Release */ = {
			isa = XCBuildConfiguration;
			buildSettings = {
				ALWAYS_SEARCH_USER_PATHS = NO;
				CLANG_ANALYZER_NONNULL = YES;
				CLANG_ANALYZER_NUMBER_OBJECT_CONVERSION = YES_AGGRESSIVE;
				CLANG_CXX_LANGUAGE_STANDARD = "gnu++14";
				CLANG_CXX_LIBRARY = "libc++";
				CLANG_ENABLE_MODULES = YES;
				CLANG_ENABLE_OBJC_ARC = YES;
				CLANG_ENABLE_OBJC_WEAK = YES;
				CLANG_WARN_BLOCK_CAPTURE_AUTORELEASING = YES;
				CLANG_WARN_BOOL_CONVERSION = YES;
				CLANG_WARN_COMMA = YES;
				CLANG_WARN_CONSTANT_CONVERSION = YES;
				CLANG_WARN_DEPRECATED_OBJC_IMPLEMENTATIONS = YES;
				CLANG_WARN_DIRECT_OBJC_ISA_USAGE = YES_ERROR;
				CLANG_WARN_DOCUMENTATION_COMMENTS = YES;
				CLANG_WARN_EMPTY_BODY = YES;
				CLANG_WARN_ENUM_CONVERSION = YES;
				CLANG_WARN_INFINITE_RECURSION = YES;
				CLANG_WARN_INT_CONVERSION = YES;
				CLANG_WARN_NON_LITERAL_NULL_CONVERSION = YES;
				CLANG_WARN_OBJC_IMPLICIT_RETAIN_SELF = YES;
				CLANG_WARN_OBJC_LITERAL_CONVERSION = YES;
				CLANG_WARN_OBJC_ROOT_CLASS = YES_ERROR;
				CLANG_WARN_QUOTED_INCLUDE_IN_FRAMEWORK_HEADER = YES;
				CLANG_WARN_RANGE_LOOP_ANALYSIS = YES;
				CLANG_WARN_STRICT_PROTOTYPES = YES;
				CLANG_WARN_SUSPICIOUS_MOVE = YES;
				CLANG_WARN_UNGUARDED_AVAILABILITY = YES_AGGRESSIVE;
				CLANG_WARN_UNREACHABLE_CODE = YES;
				CLANG_WARN__DUPLICATE_METHOD_MATCH = YES;
				COPY_PHASE_STRIP = NO;
				DEBUG_INFORMATION_FORMAT = "dwarf-with-dsym";
				ENABLE_NS_ASSERTIONS = NO;
				ENABLE_STRICT_OBJC_MSGSEND = YES;
				GCC_C_LANGUAGE_STANDARD = gnu11;
				GCC_NO_COMMON_BLOCKS = YES;
				GCC_WARN_64_TO_32_BIT_CONVERSION = YES;
				GCC_WARN_ABOUT_RETURN_TYPE = YES_ERROR;
				GCC_WARN_UNDECLARED_SELECTOR = YES;
				GCC_WARN_UNINITIALIZED_AUTOS = YES_AGGRESSIVE;
				GCC_WARN_UNUSED_FUNCTION = YES;
				GCC_WARN_UNUSED_VARIABLE = YES;
				IPHONEOS_DEPLOYMENT_TARGET = 14.5;
				MTL_ENABLE_DEBUG_INFO = NO;
				MTL_FAST_MATH = YES;
				SDKROOT = iphoneos;
				SWIFT_COMPILATION_MODE = wholemodule;
				SWIFT_OPTIMIZATION_LEVEL = "-O";
				VALIDATE_PRODUCT = YES;
			};
			name = Release;
		};
		068E2133271A61620069C0A1 /* Debug */ = {
			isa = XCBuildConfiguration;
			buildSettings = {
				ASSETCATALOG_COMPILER_APPICON_NAME = AppIcon;
				ASSETCATALOG_COMPILER_GLOBAL_ACCENT_COLOR_NAME = AccentColor;
				CODE_SIGN_STYLE = Automatic;
				DEVELOPMENT_ASSET_PATHS = "\"DVY/Preview Content\"";
				DEVELOPMENT_TEAM = 3B86TRJ7D7;
				ENABLE_PREVIEWS = YES;
				INFOPLIST_FILE = DVY/Info.plist;
				IPHONEOS_DEPLOYMENT_TARGET = 14.0;
				LD_RUNPATH_SEARCH_PATHS = (
					"$(inherited)",
					"@executable_path/Frameworks",
				);
				MARKETING_VERSION = 1.2.0;
				PRODUCT_BUNDLE_IDENTIFIER = WizardBoy.DVY;
				PRODUCT_NAME = "$(TARGET_NAME)";
				SWIFT_VERSION = 5.0;
				TARGETED_DEVICE_FAMILY = 1;
			};
			name = Debug;
		};
		068E2134271A61620069C0A1 /* Release */ = {
			isa = XCBuildConfiguration;
			buildSettings = {
				ASSETCATALOG_COMPILER_APPICON_NAME = AppIcon;
				ASSETCATALOG_COMPILER_GLOBAL_ACCENT_COLOR_NAME = AccentColor;
				CODE_SIGN_STYLE = Automatic;
				DEVELOPMENT_ASSET_PATHS = "\"DVY/Preview Content\"";
				DEVELOPMENT_TEAM = 3B86TRJ7D7;
				ENABLE_PREVIEWS = YES;
				INFOPLIST_FILE = DVY/Info.plist;
				IPHONEOS_DEPLOYMENT_TARGET = 14.0;
				LD_RUNPATH_SEARCH_PATHS = (
					"$(inherited)",
					"@executable_path/Frameworks",
				);
				MARKETING_VERSION = 1.2.0;
				PRODUCT_BUNDLE_IDENTIFIER = WizardBoy.DVY;
				PRODUCT_NAME = "$(TARGET_NAME)";
				SWIFT_VERSION = 5.0;
				TARGETED_DEVICE_FAMILY = 1;
			};
			name = Release;
		};
		068E2136271A61620069C0A1 /* Debug */ = {
			isa = XCBuildConfiguration;
			buildSettings = {
				ALWAYS_EMBED_SWIFT_STANDARD_LIBRARIES = YES;
				BUNDLE_LOADER = "$(TEST_HOST)";
				CODE_SIGN_STYLE = Automatic;
				DEVELOPMENT_TEAM = 3B86TRJ7D7;
				INFOPLIST_FILE = DVYTests/Info.plist;
				IPHONEOS_DEPLOYMENT_TARGET = 14.0;
				LD_RUNPATH_SEARCH_PATHS = (
					"$(inherited)",
					"@executable_path/Frameworks",
					"@loader_path/Frameworks",
				);
				PRODUCT_BUNDLE_IDENTIFIER = WizardBoy.DVYTests;
				PRODUCT_NAME = "$(TARGET_NAME)";
				SWIFT_VERSION = 5.0;
				TARGETED_DEVICE_FAMILY = "1,2";
				TEST_HOST = "$(BUILT_PRODUCTS_DIR)/DVY.app/DVY";
			};
			name = Debug;
		};
		068E2137271A61620069C0A1 /* Release */ = {
			isa = XCBuildConfiguration;
			buildSettings = {
				ALWAYS_EMBED_SWIFT_STANDARD_LIBRARIES = YES;
				BUNDLE_LOADER = "$(TEST_HOST)";
				CODE_SIGN_STYLE = Automatic;
				DEVELOPMENT_TEAM = 3B86TRJ7D7;
				INFOPLIST_FILE = DVYTests/Info.plist;
				IPHONEOS_DEPLOYMENT_TARGET = 14.0;
				LD_RUNPATH_SEARCH_PATHS = (
					"$(inherited)",
					"@executable_path/Frameworks",
					"@loader_path/Frameworks",
				);
				PRODUCT_BUNDLE_IDENTIFIER = WizardBoy.DVYTests;
				PRODUCT_NAME = "$(TARGET_NAME)";
				SWIFT_VERSION = 5.0;
				TARGETED_DEVICE_FAMILY = "1,2";
				TEST_HOST = "$(BUILT_PRODUCTS_DIR)/DVY.app/DVY";
			};
			name = Release;
		};
		068E2139271A61620069C0A1 /* Debug */ = {
			isa = XCBuildConfiguration;
			buildSettings = {
				ALWAYS_EMBED_SWIFT_STANDARD_LIBRARIES = YES;
				CODE_SIGN_STYLE = Automatic;
				DEVELOPMENT_TEAM = 3B86TRJ7D7;
				INFOPLIST_FILE = DVYUITests/Info.plist;
				LD_RUNPATH_SEARCH_PATHS = (
					"$(inherited)",
					"@executable_path/Frameworks",
					"@loader_path/Frameworks",
				);
				PRODUCT_BUNDLE_IDENTIFIER = WizardBoy.DVYUITests;
				PRODUCT_NAME = "$(TARGET_NAME)";
				SWIFT_VERSION = 5.0;
				TARGETED_DEVICE_FAMILY = "1,2";
				TEST_TARGET_NAME = DVY;
			};
			name = Debug;
		};
		068E213A271A61620069C0A1 /* Release */ = {
			isa = XCBuildConfiguration;
			buildSettings = {
				ALWAYS_EMBED_SWIFT_STANDARD_LIBRARIES = YES;
				CODE_SIGN_STYLE = Automatic;
				DEVELOPMENT_TEAM = 3B86TRJ7D7;
				INFOPLIST_FILE = DVYUITests/Info.plist;
				LD_RUNPATH_SEARCH_PATHS = (
					"$(inherited)",
					"@executable_path/Frameworks",
					"@loader_path/Frameworks",
				);
				PRODUCT_BUNDLE_IDENTIFIER = WizardBoy.DVYUITests;
				PRODUCT_NAME = "$(TARGET_NAME)";
				SWIFT_VERSION = 5.0;
				TARGETED_DEVICE_FAMILY = "1,2";
				TEST_TARGET_NAME = DVY;
			};
			name = Release;
		};
/* End XCBuildConfiguration section */

/* Begin XCConfigurationList section */
		068E2108271A61610069C0A1 /* Build configuration list for PBXProject "DVY" */ = {
			isa = XCConfigurationList;
			buildConfigurations = (
				068E2130271A61620069C0A1 /* Debug */,
				068E2131271A61620069C0A1 /* Release */,
			);
			defaultConfigurationIsVisible = 0;
			defaultConfigurationName = Release;
		};
		068E2132271A61620069C0A1 /* Build configuration list for PBXNativeTarget "DVY" */ = {
			isa = XCConfigurationList;
			buildConfigurations = (
				068E2133271A61620069C0A1 /* Debug */,
				068E2134271A61620069C0A1 /* Release */,
			);
			defaultConfigurationIsVisible = 0;
			defaultConfigurationName = Release;
		};
		068E2135271A61620069C0A1 /* Build configuration list for PBXNativeTarget "DVYTests" */ = {
			isa = XCConfigurationList;
			buildConfigurations = (
				068E2136271A61620069C0A1 /* Debug */,
				068E2137271A61620069C0A1 /* Release */,
			);
			defaultConfigurationIsVisible = 0;
			defaultConfigurationName = Release;
		};
		068E2138271A61620069C0A1 /* Build configuration list for PBXNativeTarget "DVYUITests" */ = {
			isa = XCConfigurationList;
			buildConfigurations = (
				068E2139271A61620069C0A1 /* Debug */,
				068E213A271A61620069C0A1 /* Release */,
			);
			defaultConfigurationIsVisible = 0;
			defaultConfigurationName = Release;
		};
/* End XCConfigurationList section */
	};
	rootObject = 068E2105271A61610069C0A1 /* Project object */;
}
